
Microsoft Visual Studio Solution File, Format Version 12.00
# Visual Studio 15
VisualStudioVersion = 15.0.28010.2003
MinimumVisualStudioVersion = 10.0.40219.1
Project("{9A19103F-16F7-4668-BE54-9A1E7A4F7556}") = "DateTimeExtensions", "DateTimeExtensions\DateTimeExtensions.csproj", "{07F6F6CD-1161-4931-8E1B-6CF97D7A18ED}"
EndProject
Project("{FAE04EC0-301F-11D3-BF4B-00C04F79EFBC}") = "DateTimeExtensionsTests", "DateTimeExtensionsTests\DateTimeExtensionsTests.csproj", "{5E1946AB-4C28-4004-A9D1-CB5040AD0568}"
EndProject
Global
	GlobalSection(SolutionConfigurationPlatforms) = preSolution
		Debug|Any CPU = Debug|Any CPU
		Release|Any CPU = Release|Any CPU
	EndGlobalSection
	GlobalSection(ProjectConfigurationPlatforms) = postSolution
		{07F6F6CD-1161-4931-8E1B-6CF97D7A18ED}.Debug|Any CPU.ActiveCfg = Debug|Any CPU
		{07F6F6CD-1161-4931-8E1B-6CF97D7A18ED}.Debug|Any CPU.Build.0 = Debug|Any CPU
		{07F6F6CD-1161-4931-8E1B-6CF97D7A18ED}.Release|Any CPU.ActiveCfg = Release|Any CPU
		{07F6F6CD-1161-4931-8E1B-6CF97D7A18ED}.Release|Any CPU.Build.0 = Release|Any CPU
		{5E1946AB-4C28-4004-A9D1-CB5040AD0568}.Debug|Any CPU.ActiveCfg = Debug|Any CPU
		{5E1946AB-4C28-4004-A9D1-CB5040AD0568}.Debug|Any CPU.Build.0 = Debug|Any CPU
		{5E1946AB-4C28-4004-A9D1-CB5040AD0568}.Release|Any CPU.ActiveCfg = Release|Any CPU
		{5E1946AB-4C28-4004-A9D1-CB5040AD0568}.Release|Any CPU.Build.0 = Release|Any CPU
	EndGlobalSection
	GlobalSection(SolutionProperties) = preSolution
		HideSolutionNode = FALSE
	EndGlobalSection
	GlobalSection(ExtensibilityGlobals) = postSolution
		SolutionGuid = {B8187DB3-5A60-40F7-83B4-F13EDB67A203}
	EndGlobalSection
EndGlobal
